// !$*UTF8*$!
{
	archiveVersion = 1;
	classes = {
	};
	objectVersion = 46;
	objects = {

/* Begin PBXBuildFile section */
		291F7F231C0CA06C002F0A7B /* AppDelegate.swift in Sources */ = {isa = PBXBuildFile; fileRef = 291F7F221C0CA06C002F0A7B /* AppDelegate.swift */; };
		291F7F251C0CA06C002F0A7B /* ViewController.swift in Sources */ = {isa = PBXBuildFile; fileRef = 291F7F241C0CA06C002F0A7B /* ViewController.swift */; };
		291F7F281C0CA06C002F0A7B /* Main.storyboard in Resources */ = {isa = PBXBuildFile; fileRef = 291F7F261C0CA06C002F0A7B /* Main.storyboard */; };
		291F7F2A1C0CA06C002F0A7B /* Assets.xcassets in Resources */ = {isa = PBXBuildFile; fileRef = 291F7F291C0CA06C002F0A7B /* Assets.xcassets */; };
		291F7F2D1C0CA06C002F0A7B /* LaunchScreen.storyboard in Resources */ = {isa = PBXBuildFile; fileRef = 291F7F2B1C0CA06C002F0A7B /* LaunchScreen.storyboard */; };
		291F7F381C0CA06C002F0A7B /* FOATTests.swift in Sources */ = {isa = PBXBuildFile; fileRef = 291F7F371C0CA06C002F0A7B /* FOATTests.swift */; };
		291F7F431C0CA06C002F0A7B /* FOATUITests.swift in Sources */ = {isa = PBXBuildFile; fileRef = 291F7F421C0CA06C002F0A7B /* FOATUITests.swift */; };
/* End PBXBuildFile section */

/* Begin PBXContainerItemProxy section */
		291F7F341C0CA06C002F0A7B /* PBXContainerItemProxy */ = {
			isa = PBXContainerItemProxy;
			containerPortal = 291F7F171C0CA06C002F0A7B /* Project object */;
			proxyType = 1;
			remoteGlobalIDString = 291F7F1E1C0CA06C002F0A7B;
			remoteInfo = FOAT;
		};
		291F7F3F1C0CA06C002F0A7B /* PBXContainerItemProxy */ = {
			isa = PBXContainerItemProxy;
			containerPortal = 291F7F171C0CA06C002F0A7B /* Project object */;
			proxyType = 1;
			remoteGlobalIDString = 291F7F1E1C0CA06C002F0A7B;
			remoteInfo = FOAT;
		};
/* End PBXContainerItemProxy section */

/* Begin PBXFileReference section */
		291F7F1F1C0CA06C002F0A7B /* FOAT.app */ = {isa = PBXFileReference; explicitFileType = wrapper.application; includeInIndex = 0; path = FOAT.app; sourceTree = BUILT_PRODUCTS_DIR; };
		291F7F221C0CA06C002F0A7B /* AppDelegate.swift */ = {isa = PBXFileReference; lastKnownFileType = sourcecode.swift; path = AppDelegate.swift; sourceTree = "<group>"; };
		291F7F241C0CA06C002F0A7B /* ViewController.swift */ = {isa = PBXFileReference; lastKnownFileType = sourcecode.swift; path = ViewController.swift; sourceTree = "<group>"; };
		291F7F271C0CA06C002F0A7B /* Base */ = {isa = PBXFileReference; lastKnownFileType = file.storyboard; name = Base; path = Base.lproj/Main.storyboard; sourceTree = "<group>"; };
		291F7F291C0CA06C002F0A7B /* Assets.xcassets */ = {isa = PBXFileReference; lastKnownFileType = folder.assetcatalog; path = Assets.xcassets; sourceTree = "<group>"; };
		291F7F2C1C0CA06C002F0A7B /* Base */ = {isa = PBXFileReference; lastKnownFileType = file.storyboard; name = Base; path = Base.lproj/LaunchScreen.storyboard; sourceTree = "<group>"; };
		291F7F2E1C0CA06C002F0A7B /* Info.plist */ = {isa = PBXFileReference; lastKnownFileType = text.plist.xml; path = Info.plist; sourceTree = "<group>"; };
		291F7F331C0CA06C002F0A7B /* FOATTests.xctest */ = {isa = PBXFileReference; explicitFileType = wrapper.cfbundle; includeInIndex = 0; path = FOATTests.xctest; sourceTree = BUILT_PRODUCTS_DIR; };
		291F7F371C0CA06C002F0A7B /* FOATTests.swift */ = {isa = PBXFileReference; lastKnownFileType = sourcecode.swift; path = FOATTests.swift; sourceTree = "<group>"; };
		291F7F391C0CA06C002F0A7B /* Info.plist */ = {isa = PBXFileReference; lastKnownFileType = text.plist.xml; path = Info.plist; sourceTree = "<group>"; };
		291F7F3E1C0CA06C002F0A7B /* FOATUITests.xctest */ = {isa = PBXFileReference; explicitFileType = wrapper.cfbundle; includeInIndex = 0; path = FOATUITests.xctest; sourceTree = BUILT_PRODUCTS_DIR; };
		291F7F421C0CA06C002F0A7B /* FOATUITests.swift */ = {isa = PBXFileReference; lastKnownFileType = sourcecode.swift; path = FOATUITests.swift; sourceTree = "<group>"; };
		291F7F441C0CA06C002F0A7B /* Info.plist */ = {isa = PBXFileReference; lastKnownFileType = text.plist.xml; path = Info.plist; sourceTree = "<group>"; };
/* End PBXFileReference section */

/* Begin PBXFrameworksBuildPhase section */
		291F7F1C1C0CA06C002F0A7B /* Frameworks */ = {
			isa = PBXFrameworksBuildPhase;
			buildActionMask = 2147483647;
			files = (
			);
			runOnlyForDeploymentPostprocessing = 0;
		};
		291F7F301C0CA06C002F0A7B /* Frameworks */ = {
			isa = PBXFrameworksBuildPhase;
			buildActionMask = 2147483647;
			files = (
			);
			runOnlyForDeploymentPostprocessing = 0;
		};
		291F7F3B1C0CA06C002F0A7B /* Frameworks */ = {
			isa = PBXFrameworksBuildPhase;
			buildActionMask = 2147483647;
			files = (
			);
			runOnlyForDeploymentPostprocessing = 0;
		};
/* End PBXFrameworksBuildPhase section */

/* Begin PBXGroup section */
		291F7F161C0CA06C002F0A7B = {
			isa = PBXGroup;
			children = (
				291F7F211C0CA06C002F0A7B /* FOAT */,
				291F7F361C0CA06C002F0A7B /* FOATTests */,
				291F7F411C0CA06C002F0A7B /* FOATUITests */,
				291F7F201C0CA06C002F0A7B /* Products */,
			);
			sourceTree = "<group>";
		};
		291F7F201C0CA06C002F0A7B /* Products */ = {
			isa = PBXGroup;
			children = (
				291F7F1F1C0CA06C002F0A7B /* FOAT.app */,
				291F7F331C0CA06C002F0A7B /* FOATTests.xctest */,
				291F7F3E1C0CA06C002F0A7B /* FOATUITests.xctest */,
			);
			name = Products;
			sourceTree = "<group>";
		};
		291F7F211C0CA06C002F0A7B /* FOAT */ = {
			isa = PBXGroup;
			children = (
				291F7F221C0CA06C002F0A7B /* AppDelegate.swift */,
				291F7F241C0CA06C002F0A7B /* ViewController.swift */,
				291F7F261C0CA06C002F0A7B /* Main.storyboard */,
				291F7F291C0CA06C002F0A7B /* Assets.xcassets */,
				291F7F2B1C0CA06C002F0A7B /* LaunchScreen.storyboard */,
				291F7F2E1C0CA06C002F0A7B /* Info.plist */,
			);
			path = FOAT;
			sourceTree = "<group>";
		};
		291F7F361C0CA06C002F0A7B /* FOATTests */ = {
			isa = PBXGroup;
			children = (
				291F7F371C0CA06C002F0A7B /* FOATTests.swift */,
				291F7F391C0CA06C002F0A7B /* Info.plist */,
			);
			path = FOATTests;
			sourceTree = "<group>";
		};
		291F7F411C0CA06C002F0A7B /* FOATUITests */ = {
			isa = PBXGroup;
			children = (
				291F7F421C0CA06C002F0A7B /* FOATUITests.swift */,
				291F7F441C0CA06C002F0A7B /* Info.plist */,
			);
			path = FOATUITests;
			sourceTree = "<group>";
		};
/* End PBXGroup section */

/* Begin PBXNativeTarget section */
		291F7F1E1C0CA06C002F0A7B /* FOAT */ = {
			isa = PBXNativeTarget;
			buildConfigurationList = 291F7F471C0CA06C002F0A7B /* Build configuration list for PBXNativeTarget "FOAT" */;
			buildPhases = (
				291F7F1B1C0CA06C002F0A7B /* Sources */,
				291F7F1C1C0CA06C002F0A7B /* Frameworks */,
				291F7F1D1C0CA06C002F0A7B /* Resources */,
			);
			buildRules = (
			);
			dependencies = (
			);
			name = FOAT;
			productName = FOAT;
			productReference = 291F7F1F1C0CA06C002F0A7B /* FOAT.app */;
			productType = "com.apple.product-type.application";
		};
		291F7F321C0CA06C002F0A7B /* FOATTests */ = {
			isa = PBXNativeTarget;
			buildConfigurationList = 291F7F4A1C0CA06C002F0A7B /* Build configuration list for PBXNativeTarget "FOATTests" */;
			buildPhases = (
				291F7F2F1C0CA06C002F0A7B /* Sources */,
				291F7F301C0CA06C002F0A7B /* Frameworks */,
				291F7F311C0CA06C002F0A7B /* Resources */,
			);
			buildRules = (
			);
			dependencies = (
				291F7F351C0CA06C002F0A7B /* PBXTargetDependency */,
			);
			name = FOATTests;
			productName = FOATTests;
			productReference = 291F7F331C0CA06C002F0A7B /* FOATTests.xctest */;
			productType = "com.apple.product-type.bundle.unit-test";
		};
		291F7F3D1C0CA06C002F0A7B /* FOATUITests */ = {
			isa = PBXNativeTarget;
			buildConfigurationList = 291F7F4D1C0CA06C002F0A7B /* Build configuration list for PBXNativeTarget "FOATUITests" */;
			buildPhases = (
				291F7F3A1C0CA06C002F0A7B /* Sources */,
				291F7F3B1C0CA06C002F0A7B /* Frameworks */,
				291F7F3C1C0CA06C002F0A7B /* Resources */,
			);
			buildRules = (
			);
			dependencies = (
				291F7F401C0CA06C002F0A7B /* PBXTargetDependency */,
			);
			name = FOATUITests;
			productName = FOATUITests;
			productReference = 291F7F3E1C0CA06C002F0A7B /* FOATUITests.xctest */;
			productType = "com.apple.product-type.bundle.ui-testing";
		};
/* End PBXNativeTarget section */

/* Begin PBXProject section */
		291F7F171C0CA06C002F0A7B /* Project object */ = {
			isa = PBXProject;
			attributes = {
				LastSwiftUpdateCheck = 0710;
				LastUpgradeCheck = 0710;
				ORGANIZATIONNAME = stiller;
				TargetAttributes = {
					291F7F1E1C0CA06C002F0A7B = {
						CreatedOnToolsVersion = 7.1.1;
					};
					291F7F321C0CA06C002F0A7B = {
						CreatedOnToolsVersion = 7.1.1;
						TestTargetID = 291F7F1E1C0CA06C002F0A7B;
					};
					291F7F3D1C0CA06C002F0A7B = {
						CreatedOnToolsVersion = 7.1.1;
						TestTargetID = 291F7F1E1C0CA06C002F0A7B;
					};
				};
			};
			buildConfigurationList = 291F7F1A1C0CA06C002F0A7B /* Build configuration list for PBXProject "FOAT" */;
			compatibilityVersion = "Xcode 3.2";
			developmentRegion = English;
			hasScannedForEncodings = 0;
			knownRegions = (
				en,
				Base,
			);
			mainGroup = 291F7F161C0CA06C002F0A7B;
			productRefGroup = 291F7F201C0CA06C002F0A7B /* Products */;
			projectDirPath = "";
			projectRoot = "";
			targets = (
				291F7F1E1C0CA06C002F0A7B /* FOAT */,
				291F7F321C0CA06C002F0A7B /* FOATTests */,
				291F7F3D1C0CA06C002F0A7B /* FOATUITests */,
			);
		};
/* End PBXProject section */

/* Begin PBXResourcesBuildPhase section */
		291F7F1D1C0CA06C002F0A7B /* Resources */ = {
			isa = PBXResourcesBuildPhase;
			buildActionMask = 2147483647;
			files = (
				291F7F2D1C0CA06C002F0A7B /* LaunchScreen.storyboard in Resources */,
				291F7F2A1C0CA06C002F0A7B /* Assets.xcassets in Resources */,
				291F7F281C0CA06C002F0A7B /* Main.storyboard in Resources */,
			);
			runOnlyForDeploymentPostprocessing = 0;
		};
		291F7F311C0CA06C002F0A7B /* Resources */ = {
			isa = PBXResourcesBuildPhase;
			buildActionMask = 2147483647;
			files = (
			);
			runOnlyForDeploymentPostprocessing = 0;
		};
		291F7F3C1C0CA06C002F0A7B /* Resources */ = {
			isa = PBXResourcesBuildPhase;
			buildActionMask = 2147483647;
			files = (
			);
			runOnlyForDeploymentPostprocessing = 0;
		};
/* End PBXResourcesBuildPhase section */

/* Begin PBXSourcesBuildPhase section */
		291F7F1B1C0CA06C002F0A7B /* Sources */ = {
			isa = PBXSourcesBuildPhase;
			buildActionMask = 2147483647;
			files = (
				291F7F251C0CA06C002F0A7B /* ViewController.swift in Sources */,
				291F7F231C0CA06C002F0A7B /* AppDelegate.swift in Sources */,
			);
			runOnlyForDeploymentPostprocessing = 0;
		};
		291F7F2F1C0CA06C002F0A7B /* Sources */ = {
			isa = PBXSourcesBuildPhase;
			buildActionMask = 2147483647;
			files = (
				291F7F381C0CA06C002F0A7B /* FOATTests.swift in Sources */,
			);
			runOnlyForDeploymentPostprocessing = 0;
		};
		291F7F3A1C0CA06C002F0A7B /* Sources */ = {
			isa = PBXSourcesBuildPhase;
			buildActionMask = 2147483647;
			files = (
				291F7F431C0CA06C002F0A7B /* FOATUITests.swift in Sources */,
			);
			runOnlyForDeploymentPostprocessing = 0;
		};
/* End PBXSourcesBuildPhase section */

/* Begin PBXTargetDependency section */
		291F7F351C0CA06C002F0A7B /* PBXTargetDependency */ = {
			isa = PBXTargetDependency;
			target = 291F7F1E1C0CA06C002F0A7B /* FOAT */;
			targetProxy = 291F7F341C0CA06C002F0A7B /* PBXContainerItemProxy */;
		};
		291F7F401C0CA06C002F0A7B /* PBXTargetDependency */ = {
			isa = PBXTargetDependency;
			target = 291F7F1E1C0CA06C002F0A7B /* FOAT */;
			targetProxy = 291F7F3F1C0CA06C002F0A7B /* PBXContainerItemProxy */;
		};
/* End PBXTargetDependency section */

/* Begin PBXVariantGroup section */
		291F7F261C0CA06C002F0A7B /* Main.storyboard */ = {
			isa = PBXVariantGroup;
			children = (
				291F7F271C0CA06C002F0A7B /* Base */,
			);
			name = Main.storyboard;
			sourceTree = "<group>";
		};
		291F7F2B1C0CA06C002F0A7B /* LaunchScreen.storyboard */ = {
			isa = PBXVariantGroup;
			children = (
				291F7F2C1C0CA06C002F0A7B /* Base */,
			);
			name = LaunchScreen.storyboard;
			sourceTree = "<group>";
		};
/* End PBXVariantGroup section */

/* Begin XCBuildConfiguration section */
		291F7F451C0CA06C002F0A7B /* Debug */ = {
			isa = XCBuildConfiguration;
			buildSettings = {
				ALWAYS_SEARCH_USER_PATHS = NO;
				CLANG_CXX_LANGUAGE_STANDARD = "gnu++0x";
				CLANG_CXX_LIBRARY = "libc++";
				CLANG_ENABLE_MODULES = YES;
				CLANG_ENABLE_OBJC_ARC = YES;
				CLANG_WARN_BOOL_CONVERSION = YES;
				CLANG_WARN_CONSTANT_CONVERSION = YES;
				CLANG_WARN_DIRECT_OBJC_ISA_USAGE = YES_ERROR;
				CLANG_WARN_EMPTY_BODY = YES;
				CLANG_WARN_ENUM_CONVERSION = YES;
				CLANG_WARN_INT_CONVERSION = YES;
				CLANG_WARN_OBJC_ROOT_CLASS = YES_ERROR;
				CLANG_WARN_UNREACHABLE_CODE = YES;
				CLANG_WARN__DUPLICATE_METHOD_MATCH = YES;
				"CODE_SIGN_IDENTITY[sdk=iphoneos*]" = "iPhone Developer";
				COPY_PHASE_STRIP = NO;
				DEBUG_INFORMATION_FORMAT = dwarf;
				ENABLE_STRICT_OBJC_MSGSEND = YES;
				ENABLE_TESTABILITY = YES;
				GCC_C_LANGUAGE_STANDARD = gnu99;
				GCC_DYNAMIC_NO_PIC = NO;
				GCC_NO_COMMON_BLOCKS = YES;
				GCC_OPTIMIZATION_LEVEL = 0;
				GCC_PREPROCESSOR_DEFINITIONS = (
					"DEBUG=1",
					"$(inherited)",
				);
				GCC_WARN_64_TO_32_BIT_CONVERSION = YES;
				GCC_WARN_ABOUT_RETURN_TYPE = YES_ERROR;
				GCC_WARN_UNDECLARED_SELECTOR = YES;
				GCC_WARN_UNINITIALIZED_AUTOS = YES_AGGRESSIVE;
				GCC_WARN_UNUSED_FUNCTION = YES;
				GCC_WARN_UNUSED_VARIABLE = YES;
				IPHONEOS_DEPLOYMENT_TARGET = 9.1;
				MTL_ENABLE_DEBUG_INFO = YES;
				ONLY_ACTIVE_ARCH = YES;
				SDKROOT = iphoneos;
				SWIFT_OPTIMIZATION_LEVEL = "-Onone";
				TARGETED_DEVICE_FAMILY = "1,2";
			};
			name = Debug;
		};
		291F7F461C0CA06C002F0A7B /* Release */ = {
			isa = XCBuildConfiguration;
			buildSettings = {
				ALWAYS_SEARCH_USER_PATHS = NO;
				CLANG_CXX_LANGUAGE_STANDARD = "gnu++0x";
				CLANG_CXX_LIBRARY = "libc++";
				CLANG_ENABLE_MODULES = YES;
				CLANG_ENABLE_OBJC_ARC = YES;
				CLANG_WARN_BOOL_CONVERSION = YES;
				CLANG_WARN_CONSTANT_CONVERSION = YES;
				CLANG_WARN_DIRECT_OBJC_ISA_USAGE = YES_ERROR;
				CLANG_WARN_EMPTY_BODY = YES;
				CLANG_WARN_ENUM_CONVERSION = YES;
				CLANG_WARN_INT_CONVERSION = YES;
				CLANG_WARN_OBJC_ROOT_CLASS = YES_ERROR;
				CLANG_WARN_UNREACHABLE_CODE = YES;
				CLANG_WARN__DUPLICATE_METHOD_MATCH = YES;
				"CODE_SIGN_IDENTITY[sdk=iphoneos*]" = "iPhone Developer";
				COPY_PHASE_STRIP = NO;
				DEBUG_INFORMATION_FORMAT = "dwarf-with-dsym";
				ENABLE_NS_ASSERTIONS = NO;
				ENABLE_STRICT_OBJC_MSGSEND = YES;
				GCC_C_LANGUAGE_STANDARD = gnu99;
				GCC_NO_COMMON_BLOCKS = YES;
				GCC_WARN_64_TO_32_BIT_CONVERSION = YES;
				GCC_WARN_ABOUT_RETURN_TYPE = YES_ERROR;
				GCC_WARN_UNDECLARED_SELECTOR = YES;
				GCC_WARN_UNINITIALIZED_AUTOS = YES_AGGRESSIVE;
				GCC_WARN_UNUSED_FUNCTION = YES;
				GCC_WARN_UNUSED_VARIABLE = YES;
				IPHONEOS_DEPLOYMENT_TARGET = 9.1;
				MTL_ENABLE_DEBUG_INFO = NO;
				SDKROOT = iphoneos;
				TARGETED_DEVICE_FAMILY = "1,2";
				VALIDATE_PRODUCT = YES;
			};
			name = Release;
		};
		291F7F481C0CA06C002F0A7B /* Debug */ = {
			isa = XCBuildConfiguration;
			buildSettings = {
				ASSETCATALOG_COMPILER_APPICON_NAME = AppIcon;
				INFOPLIST_FILE = FOAT/Info.plist;
				LD_RUNPATH_SEARCH_PATHS = "$(inherited) @executable_path/Frameworks";
				PRODUCT_BUNDLE_IDENTIFIER = com.stiller.FOAT;
				PRODUCT_NAME = "$(TARGET_NAME)";
			};
			name = Debug;
		};
		291F7F491C0CA06C002F0A7B /* Release */ = {
			isa = XCBuildConfiguration;
			buildSettings = {
				ASSETCATALOG_COMPILER_APPICON_NAME = AppIcon;
				INFOPLIST_FILE = FOAT/Info.plist;
				LD_RUNPATH_SEARCH_PATHS = "$(inherited) @executable_path/Frameworks";
				PRODUCT_BUNDLE_IDENTIFIER = com.stiller.FOAT;
				PRODUCT_NAME = "$(TARGET_NAME)";
			};
			name = Release;
		};
		291F7F4B1C0CA06C002F0A7B /* Debug */ = {
			isa = XCBuildConfiguration;
			buildSettings = {
				BUNDLE_LOADER = "$(TEST_HOST)";
				INFOPLIST_FILE = FOATTests/Info.plist;
				LD_RUNPATH_SEARCH_PATHS = "$(inherited) @executable_path/Frameworks @loader_path/Frameworks";
				PRODUCT_BUNDLE_IDENTIFIER = com.stiller.FOATTests;
				PRODUCT_NAME = "$(TARGET_NAME)";
				TEST_HOST = "$(BUILT_PRODUCTS_DIR)/FOAT.app/FOAT";
			};
			name = Debug;
		};
		291F7F4C1C0CA06C002F0A7B /* Release */ = {
			isa = XCBuildConfiguration;
			buildSettings = {
				BUNDLE_LOADER = "$(TEST_HOST)";
				INFOPLIST_FILE = FOATTests/Info.plist;
				LD_RUNPATH_SEARCH_PATHS = "$(inherited) @executable_path/Frameworks @loader_path/Frameworks";
				PRODUCT_BUNDLE_IDENTIFIER = com.stiller.FOATTests;
				PRODUCT_NAME = "$(TARGET_NAME)";
				TEST_HOST = "$(BUILT_PRODUCTS_DIR)/FOAT.app/FOAT";
			};
			name = Release;
		};
		291F7F4E1C0CA06C002F0A7B /* Debug */ = {
			isa = XCBuildConfiguration;
			buildSettings = {
				INFOPLIST_FILE = FOATUITests/Info.plist;
				LD_RUNPATH_SEARCH_PATHS = "$(inherited) @executable_path/Frameworks @loader_path/Frameworks";
				PRODUCT_BUNDLE_IDENTIFIER = com.stiller.FOATUITests;
				PRODUCT_NAME = "$(TARGET_NAME)";
				TEST_TARGET_NAME = FOAT;
				USES_XCTRUNNER = YES;
			};
			name = Debug;
		};
		291F7F4F1C0CA06C002F0A7B /* Release */ = {
			isa = XCBuildConfiguration;
			buildSettings = {
				INFOPLIST_FILE = FOATUITests/Info.plist;
				LD_RUNPATH_SEARCH_PATHS = "$(inherited) @executable_path/Frameworks @loader_path/Frameworks";
				PRODUCT_BUNDLE_IDENTIFIER = com.stiller.FOATUITests;
				PRODUCT_NAME = "$(TARGET_NAME)";
				TEST_TARGET_NAME = FOAT;
				USES_XCTRUNNER = YES;
			};
			name = Release;
		};
/* End XCBuildConfiguration section */

/* Begin XCConfigurationList section */
		291F7F1A1C0CA06C002F0A7B /* Build configuration list for PBXProject "FOAT" */ = {
			isa = XCConfigurationList;
			buildConfigurations = (
				291F7F451C0CA06C002F0A7B /* Debug */,
				291F7F461C0CA06C002F0A7B /* Release */,
			);
			defaultConfigurationIsVisible = 0;
			defaultConfigurationName = Release;
		};
		291F7F471C0CA06C002F0A7B /* Build configuration list for PBXNativeTarget "FOAT" */ = {
			isa = XCConfigurationList;
			buildConfigurations = (
				291F7F481C0CA06C002F0A7B /* Debug */,
				291F7F491C0CA06C002F0A7B /* Release */,
			);
			defaultConfigurationIsVisible = 0;
		};
		291F7F4A1C0CA06C002F0A7B /* Build configuration list for PBXNativeTarget "FOATTests" */ = {
			isa = XCConfigurationList;
			buildConfigurations = (
				291F7F4B1C0CA06C002F0A7B /* Debug */,
				291F7F4C1C0CA06C002F0A7B /* Release */,
			);
			defaultConfigurationIsVisible = 0;
		};
		291F7F4D1C0CA06C002F0A7B /* Build configuration list for PBXNativeTarget "FOATUITests" */ = {
			isa = XCConfigurationList;
			buildConfigurations = (
				291F7F4E1C0CA06C002F0A7B /* Debug */,
				291F7F4F1C0CA06C002F0A7B /* Release */,
			);
			defaultConfigurationIsVisible = 0;
		};
/* End XCConfigurationList section */
	};
	rootObject = 291F7F171C0CA06C002F0A7B /* Project object */;
}
